
Microsoft Visual Studio Solution File, Format Version 12.00
# Visual Studio 15
Project("{FAE04EC0-301F-11D3-BF4B-00C04F79EFBC}") = "Rokoko", "Rokoko.csproj", "{70AB5101-19D0-B1C3-40B2-E3E0AF82DDBD}"
EndProject
Project("{FAE04EC0-301F-11D3-BF4B-00C04F79EFBC}") = "Assembly-CSharp-firstpass", "Assembly-CSharp-firstpass.csproj", "{1D1CCE65-C21B-BC2E-4D60-E244FDFD39DA}"
EndProject
Project("{FAE04EC0-301F-11D3-BF4B-00C04F79EFBC}") = "Assembly-CSharp", "Assembly-CSharp.csproj", "{458D1A27-B670-6677-37C0-109B00D9155A}"
EndProject
Project("{FAE04EC0-301F-11D3-BF4B-00C04F79EFBC}") = "Assembly-CSharp-Editor", "Assembly-CSharp-Editor.csproj", "{C66B8A3F-616B-A109-2C37-EBA876A9A05B}"
EndProject
Project("{FAE04EC0-301F-11D3-BF4B-00C04F79EFBC}") = "RokokoEditor", "RokokoEditor.csproj", "{D4655191-0CB7-99C7-761B-514FAECEBF66}"
EndProject
Global
	GlobalSection(SolutionConfigurationPlatforms) = preSolution
		Debug|Any CPU = Debug|Any CPU
		Release|Any CPU = Release|Any CPU
	EndGlobalSection
	GlobalSection(ProjectConfigurationPlatforms) = postSolution
		{70AB5101-19D0-B1C3-40B2-E3E0AF82DDBD}.Debug|Any CPU.ActiveCfg = Debug|Any CPU
		{70AB5101-19D0-B1C3-40B2-E3E0AF82DDBD}.Debug|Any CPU.Build.0 = Debug|Any CPU
		{70AB5101-19D0-B1C3-40B2-E3E0AF82DDBD}.Release|Any CPU.ActiveCfg = Release|Any CPU
		{70AB5101-19D0-B1C3-40B2-E3E0AF82DDBD}.Release|Any CPU.Build.0 = Release|Any CPU
		{1D1CCE65-C21B-BC2E-4D60-E244FDFD39DA}.Debug|Any CPU.ActiveCfg = Debug|Any CPU
		{1D1CCE65-C21B-BC2E-4D60-E244FDFD39DA}.Debug|Any CPU.Build.0 = Debug|Any CPU
		{1D1CCE65-C21B-BC2E-4D60-E244FDFD39DA}.Release|Any CPU.ActiveCfg = Release|Any CPU
		{1D1CCE65-C21B-BC2E-4D60-E244FDFD39DA}.Release|Any CPU.Build.0 = Release|Any CPU
		{458D1A27-B670-6677-37C0-109B00D9155A}.Debug|Any CPU.ActiveCfg = Debug|Any CPU
		{458D1A27-B670-6677-37C0-109B00D9155A}.Debug|Any CPU.Build.0 = Debug|Any CPU
		{458D1A27-B670-6677-37C0-109B00D9155A}.Release|Any CPU.ActiveCfg = Release|Any CPU
		{458D1A27-B670-6677-37C0-109B00D9155A}.Release|Any CPU.Build.0 = Release|Any CPU
		{C66B8A3F-616B-A109-2C37-EBA876A9A05B}.Debug|Any CPU.ActiveCfg = Debug|Any CPU
		{C66B8A3F-616B-A109-2C37-EBA876A9A05B}.Debug|Any CPU.Build.0 = Debug|Any CPU
		{C66B8A3F-616B-A109-2C37-EBA876A9A05B}.Release|Any CPU.ActiveCfg = Release|Any CPU
		{C66B8A3F-616B-A109-2C37-EBA876A9A05B}.Release|Any CPU.Build.0 = Release|Any CPU
		{D4655191-0CB7-99C7-761B-514FAECEBF66}.Debug|Any CPU.ActiveCfg = Debug|Any CPU
		{D4655191-0CB7-99C7-761B-514FAECEBF66}.Debug|Any CPU.Build.0 = Debug|Any CPU
		{D4655191-0CB7-99C7-761B-514FAECEBF66}.Release|Any CPU.ActiveCfg = Release|Any CPU
		{D4655191-0CB7-99C7-761B-514FAECEBF66}.Release|Any CPU.Build.0 = Release|Any CPU
	EndGlobalSection
	GlobalSection(SolutionProperties) = preSolution
		HideSolutionNode = FALSE
	EndGlobalSection
EndGlobal
